
Microsoft Visual Studio Solution File, Format Version 12.00
# Visual Studio 15
VisualStudioVersion = 15.0.27004.2005
MinimumVisualStudioVersion = 10.0.40219.1
Project("{FAE04EC0-301F-11D3-BF4B-00C04F79EFBC}") = "CheckServerUsedByUser", "CheckServerUsedByUser\CheckServerUsedByUser.csproj", "{2FFD929A-E26A-4BC1-90B2-EB9CD019F1AF}"
EndProject
Global
	GlobalSection(SolutionConfigurationPlatforms) = preSolution
		Debug|Any CPU = Debug|Any CPU
		Release|Any CPU = Release|Any CPU
	EndGlobalSection
	GlobalSection(ProjectConfigurationPlatforms) = postSolution
		{2FFD929A-E26A-4BC1-90B2-EB9CD019F1AF}.Debug|Any CPU.ActiveCfg = Debug|Any CPU
		{2FFD929A-E26A-4BC1-90B2-EB9CD019F1AF}.Debug|Any CPU.Build.0 = Debug|Any CPU
		{2FFD929A-E26A-4BC1-90B2-EB9CD019F1AF}.Release|Any CPU.ActiveCfg = Release|Any CPU
		{2FFD929A-E26A-4BC1-90B2-EB9CD019F1AF}.Release|Any CPU.Build.0 = Release|Any CPU
	EndGlobalSection
	GlobalSection(SolutionProperties) = preSolution
		HideSolutionNode = FALSE
	EndGlobalSection
	GlobalSection(ExtensibilityGlobals) = postSolution
		SolutionGuid = {6A20A06C-926D-42C8-9AB6-583CC8711851}
	EndGlobalSection
EndGlobal
